// !$*UTF8*$!
{
	archiveVersion = 1;
	classes = {
	};
	objectVersion = 46;
	objects = {

/* Begin PBXBuildFile section */
		CB6573FB13332E8F007C8AFA /* UIKit.framework in Frameworks */ = {isa = PBXBuildFile; fileRef = CB6573FA13332E8F007C8AFA /* UIKit.framework */; };
		CB6573FD13332E8F007C8AFA /* Foundation.framework in Frameworks */ = {isa = PBXBuildFile; fileRef = CB6573FC13332E8F007C8AFA /* Foundation.framework */; };
		CB6573FF13332E8F007C8AFA /* CoreGraphics.framework in Frameworks */ = {isa = PBXBuildFile; fileRef = CB6573FE13332E8F007C8AFA /* CoreGraphics.framework */; };
		CB65740513332E90007C8AFA /* InfoPlist.strings in Resources */ = {isa = PBXBuildFile; fileRef = CB65740313332E90007C8AFA /* InfoPlist.strings */; };
		CB65740813332E90007C8AFA /* main.m in Sources */ = {isa = PBXBuildFile; fileRef = CB65740713332E90007C8AFA /* main.m */; };
		CB65740B13332E91007C8AFA /* HelloProximityMonitorAppDelegate.m in Sources */ = {isa = PBXBuildFile; fileRef = CB65740A13332E91007C8AFA /* HelloProximityMonitorAppDelegate.m */; };
		CB65740E13332E91007C8AFA /* MainWindow.xib in Resources */ = {isa = PBXBuildFile; fileRef = CB65740C13332E91007C8AFA /* MainWindow.xib */; };
		CB65741113332E91007C8AFA /* HelloProximityMonitorViewController.m in Sources */ = {isa = PBXBuildFile; fileRef = CB65741013332E91007C8AFA /* HelloProximityMonitorViewController.m */; };
		CB65741413332E91007C8AFA /* HelloProximityMonitorViewController.xib in Resources */ = {isa = PBXBuildFile; fileRef = CB65741213332E91007C8AFA /* HelloProximityMonitorViewController.xib */; };
/* End PBXBuildFile section */

/* Begin PBXFileReference section */
		CB6573F613332E8F007C8AFA /* HelloProximityMonitor.app */ = {isa = PBXFileReference; explicitFileType = wrapper.application; includeInIndex = 0; path = HelloProximityMonitor.app; sourceTree = BUILT_PRODUCTS_DIR; };
		CB6573FA13332E8F007C8AFA /* UIKit.framework */ = {isa = PBXFileReference; lastKnownFileType = wrapper.framework; name = UIKit.framework; path = System/Library/Frameworks/UIKit.framework; sourceTree = SDKROOT; };
		CB6573FC13332E8F007C8AFA /* Foundation.framework */ = {isa = PBXFileReference; lastKnownFileType = wrapper.framework; name = Foundation.framework; path = System/Library/Frameworks/Foundation.framework; sourceTree = SDKROOT; };
		CB6573FE13332E8F007C8AFA /* CoreGraphics.framework */ = {isa = PBXFileReference; lastKnownFileType = wrapper.framework; name = CoreGraphics.framework; path = System/Library/Frameworks/CoreGraphics.framework; sourceTree = SDKROOT; };
		CB65740213332E8F007C8AFA /* HelloProximityMonitor-Info.plist */ = {isa = PBXFileReference; lastKnownFileType = text.plist.xml; path = "HelloProximityMonitor-Info.plist"; sourceTree = "<group>"; };
		CB65740413332E90007C8AFA /* en */ = {isa = PBXFileReference; lastKnownFileType = text.plist.strings; name = en; path = en.lproj/InfoPlist.strings; sourceTree = "<group>"; };
		CB65740613332E90007C8AFA /* HelloProximityMonitor-Prefix.pch */ = {isa = PBXFileReference; lastKnownFileType = sourcecode.c.h; path = "HelloProximityMonitor-Prefix.pch"; sourceTree = "<group>"; };
		CB65740713332E90007C8AFA /* main.m */ = {isa = PBXFileReference; lastKnownFileType = sourcecode.c.objc; path = main.m; sourceTree = "<group>"; };
		CB65740913332E90007C8AFA /* HelloProximityMonitorAppDelegate.h */ = {isa = PBXFileReference; lastKnownFileType = sourcecode.c.h; path = HelloProximityMonitorAppDelegate.h; sourceTree = "<group>"; };
		CB65740A13332E91007C8AFA /* HelloProximityMonitorAppDelegate.m */ = {isa = PBXFileReference; lastKnownFileType = sourcecode.c.objc; path = HelloProximityMonitorAppDelegate.m; sourceTree = "<group>"; };
		CB65740D13332E91007C8AFA /* en */ = {isa = PBXFileReference; lastKnownFileType = file.xib; name = en; path = en.lproj/MainWindow.xib; sourceTree = "<group>"; };
		CB65740F13332E91007C8AFA /* HelloProximityMonitorViewController.h */ = {isa = PBXFileReference; lastKnownFileType = sourcecode.c.h; path = HelloProximityMonitorViewController.h; sourceTree = "<group>"; };
		CB65741013332E91007C8AFA /* HelloProximityMonitorViewController.m */ = {isa = PBXFileReference; lastKnownFileType = sourcecode.c.objc; path = HelloProximityMonitorViewController.m; sourceTree = "<group>"; };
		CB65741313332E91007C8AFA /* en */ = {isa = PBXFileReference; lastKnownFileType = file.xib; name = en; path = en.lproj/HelloProximityMonitorViewController.xib; sourceTree = "<group>"; };
/* End PBXFileReference section */

/* Begin PBXFrameworksBuildPhase section */
		CB6573F313332E8F007C8AFA /* Frameworks */ = {
			isa = PBXFrameworksBuildPhase;
			buildActionMask = 2147483647;
			files = (
				CB6573FB13332E8F007C8AFA /* UIKit.framework in Frameworks */,
				CB6573FD13332E8F007C8AFA /* Foundation.framework in Frameworks */,
				CB6573FF13332E8F007C8AFA /* CoreGraphics.framework in Frameworks */,
			);
			runOnlyForDeploymentPostprocessing = 0;
		};
/* End PBXFrameworksBuildPhase section */

/* Begin PBXGroup section */
		CB6573EB13332E8D007C8AFA = {
			isa = PBXGroup;
			children = (
				CB65740013332E8F007C8AFA /* HelloProximityMonitor */,
				CB6573F913332E8F007C8AFA /* Frameworks */,
				CB6573F713332E8F007C8AFA /* Products */,
			);
			sourceTree = "<group>";
		};
		CB6573F713332E8F007C8AFA /* Products */ = {
			isa = PBXGroup;
			children = (
				CB6573F613332E8F007C8AFA /* HelloProximityMonitor.app */,
			);
			name = Products;
			sourceTree = "<group>";
		};
		CB6573F913332E8F007C8AFA /* Frameworks */ = {
			isa = PBXGroup;
			children = (
				CB6573FA13332E8F007C8AFA /* UIKit.framework */,
				CB6573FC13332E8F007C8AFA /* Foundation.framework */,
				CB6573FE13332E8F007C8AFA /* CoreGraphics.framework */,
			);
			name = Frameworks;
			sourceTree = "<group>";
		};
		CB65740013332E8F007C8AFA /* HelloProximityMonitor */ = {
			isa = PBXGroup;
			children = (
				CB65740913332E90007C8AFA /* HelloProximityMonitorAppDelegate.h */,
				CB65740A13332E91007C8AFA /* HelloProximityMonitorAppDelegate.m */,
				CB65740C13332E91007C8AFA /* MainWindow.xib */,
				CB65740F13332E91007C8AFA /* HelloProximityMonitorViewController.h */,
				CB65741013332E91007C8AFA /* HelloProximityMonitorViewController.m */,
				CB65741213332E91007C8AFA /* HelloProximityMonitorViewController.xib */,
				CB65740113332E8F007C8AFA /* Supporting Files */,
			);
			path = HelloProximityMonitor;
			sourceTree = "<group>";
		};
		CB65740113332E8F007C8AFA /* Supporting Files */ = {
			isa = PBXGroup;
			children = (
				CB65740213332E8F007C8AFA /* HelloProximityMonitor-Info.plist */,
				CB65740313332E90007C8AFA /* InfoPlist.strings */,
				CB65740613332E90007C8AFA /* HelloProximityMonitor-Prefix.pch */,
				CB65740713332E90007C8AFA /* main.m */,
			);
			name = "Supporting Files";
			sourceTree = "<group>";
		};
/* End PBXGroup section */

/* Begin PBXNativeTarget section */
		CB6573F513332E8F007C8AFA /* HelloProximityMonitor */ = {
			isa = PBXNativeTarget;
			buildConfigurationList = CB65741713332E91007C8AFA /* Build configuration list for PBXNativeTarget "HelloProximityMonitor" */;
			buildPhases = (
				CB6573F213332E8F007C8AFA /* Sources */,
				CB6573F313332E8F007C8AFA /* Frameworks */,
				CB6573F413332E8F007C8AFA /* Resources */,
			);
			buildRules = (
			);
			dependencies = (
			);
			name = HelloProximityMonitor;
			productName = HelloProximityMonitor;
			productReference = CB6573F613332E8F007C8AFA /* HelloProximityMonitor.app */;
			productType = "com.apple.product-type.application";
		};
/* End PBXNativeTarget section */

/* Begin PBXProject section */
		CB6573ED13332E8E007C8AFA /* Project object */ = {
			isa = PBXProject;
			attributes = {
				ORGANIZATIONNAME = "SoftArt Laboratory";
			};
			buildConfigurationList = CB6573F013332E8E007C8AFA /* Build configuration list for PBXProject "HelloProximityMonitor" */;
			compatibilityVersion = "Xcode 3.2";
			developmentRegion = English;
			hasScannedForEncodings = 0;
			knownRegions = (
				en,
			);
			mainGroup = CB6573EB13332E8D007C8AFA;
			productRefGroup = CB6573F713332E8F007C8AFA /* Products */;
			projectDirPath = "";
			projectRoot = "";
			targets = (
				CB6573F513332E8F007C8AFA /* HelloProximityMonitor */,
			);
		};
/* End PBXProject section */

/* Begin PBXResourcesBuildPhase section */
		CB6573F413332E8F007C8AFA /* Resources */ = {
			isa = PBXResourcesBuildPhase;
			buildActionMask = 2147483647;
			files = (
				CB65740513332E90007C8AFA /* InfoPlist.strings in Resources */,
				CB65740E13332E91007C8AFA /* MainWindow.xib in Resources */,
				CB65741413332E91007C8AFA /* HelloProximityMonitorViewController.xib in Resources */,
			);
			runOnlyForDeploymentPostprocessing = 0;
		};
/* End PBXResourcesBuildPhase section */

/* Begin PBXSourcesBuildPhase section */
		CB6573F213332E8F007C8AFA /* Sources */ = {
			isa = PBXSourcesBuildPhase;
			buildActionMask = 2147483647;
			files = (
				CB65740813332E90007C8AFA /* main.m in Sources */,
				CB65740B13332E91007C8AFA /* HelloProximityMonitorAppDelegate.m in Sources */,
				CB65741113332E91007C8AFA /* HelloProximityMonitorViewController.m in Sources */,
			);
			runOnlyForDeploymentPostprocessing = 0;
		};
/* End PBXSourcesBuildPhase section */

/* Begin PBXVariantGroup section */
		CB65740313332E90007C8AFA /* InfoPlist.strings */ = {
			isa = PBXVariantGroup;
			children = (
				CB65740413332E90007C8AFA /* en */,
			);
			name = InfoPlist.strings;
			sourceTree = "<group>";
		};
		CB65740C13332E91007C8AFA /* MainWindow.xib */ = {
			isa = PBXVariantGroup;
			children = (
				CB65740D13332E91007C8AFA /* en */,
			);
			name = MainWindow.xib;
			sourceTree = "<group>";
		};
		CB65741213332E91007C8AFA /* HelloProximityMonitorViewController.xib */ = {
			isa = PBXVariantGroup;
			children = (
				CB65741313332E91007C8AFA /* en */,
			);
			name = HelloProximityMonitorViewController.xib;
			sourceTree = "<group>";
		};
/* End PBXVariantGroup section */

/* Begin XCBuildConfiguration section */
		CB65741513332E91007C8AFA /* Debug */ = {
			isa = XCBuildConfiguration;
			buildSettings = {
				ARCHS = "$(ARCHS_STANDARD_32_BIT)";
				"CODE_SIGN_IDENTITY[sdk=iphoneos*]" = "iPhone Developer";
				GCC_C_LANGUAGE_STANDARD = gnu99;
				GCC_OPTIMIZATION_LEVEL = 0;
				GCC_PREPROCESSOR_DEFINITIONS = DEBUG;
				GCC_SYMBOLS_PRIVATE_EXTERN = NO;
				GCC_VERSION = com.apple.compilers.llvmgcc42;
				GCC_WARN_ABOUT_RETURN_TYPE = YES;
				GCC_WARN_UNUSED_VARIABLE = YES;
				IPHONEOS_DEPLOYMENT_TARGET = 4.3;
				SDKROOT = iphoneos;
			};
			name = Debug;
		};
		CB65741613332E91007C8AFA /* Release */ = {
			isa = XCBuildConfiguration;
			buildSettings = {
				ARCHS = "$(ARCHS_STANDARD_32_BIT)";
				"CODE_SIGN_IDENTITY[sdk=iphoneos*]" = "iPhone Developer";
				GCC_C_LANGUAGE_STANDARD = gnu99;
				GCC_VERSION = com.apple.compilers.llvmgcc42;
				GCC_WARN_ABOUT_RETURN_TYPE = YES;
				GCC_WARN_UNUSED_VARIABLE = YES;
				IPHONEOS_DEPLOYMENT_TARGET = 4.3;
				OTHER_CFLAGS = "-DNS_BLOCK_ASSERTIONS=1";
				SDKROOT = iphoneos;
			};
			name = Release;
		};
		CB65741813332E91007C8AFA /* Debug */ = {
			isa = XCBuildConfiguration;
			buildSettings = {
				ALWAYS_SEARCH_USER_PATHS = NO;
				COPY_PHASE_STRIP = NO;
				GCC_DYNAMIC_NO_PIC = NO;
				GCC_PRECOMPILE_PREFIX_HEADER = YES;
				GCC_PREFIX_HEADER = "HelloProximityMonitor/HelloProximityMonitor-Prefix.pch";
				GCC_VERSION = "";
				INFOPLIST_FILE = "HelloProximityMonitor/HelloProximityMonitor-Info.plist";
				IPHONEOS_DEPLOYMENT_TARGET = 4.0;
				PRODUCT_NAME = "$(TARGET_NAME)";
				WRAPPER_EXTENSION = app;
			};
			name = Debug;
		};
		CB65741913332E91007C8AFA /* Release */ = {
			isa = XCBuildConfiguration;
			buildSettings = {
				ALWAYS_SEARCH_USER_PATHS = NO;
				COPY_PHASE_STRIP = YES;
				GCC_PRECOMPILE_PREFIX_HEADER = YES;
				GCC_PREFIX_HEADER = "HelloProximityMonitor/HelloProximityMonitor-Prefix.pch";
				GCC_VERSION = "";
				INFOPLIST_FILE = "HelloProximityMonitor/HelloProximityMonitor-Info.plist";
				IPHONEOS_DEPLOYMENT_TARGET = 4.0;
				PRODUCT_NAME = "$(TARGET_NAME)";
				VALIDATE_PRODUCT = YES;
				WRAPPER_EXTENSION = app;
			};
			name = Release;
		};
/* End XCBuildConfiguration section */

/* Begin XCConfigurationList section */
		CB6573F013332E8E007C8AFA /* Build configuration list for PBXProject "HelloProximityMonitor" */ = {
			isa = XCConfigurationList;
			buildConfigurations = (
				CB65741513332E91007C8AFA /* Debug */,
				CB65741613332E91007C8AFA /* Release */,
			);
			defaultConfigurationIsVisible = 0;
			defaultConfigurationName = Release;
		};
		CB65741713332E91007C8AFA /* Build configuration list for PBXNativeTarget "HelloProximityMonitor" */ = {
			isa = XCConfigurationList;
			buildConfigurations = (
				CB65741813332E91007C8AFA /* Debug */,
				CB65741913332E91007C8AFA /* Release */,
			);
			defaultConfigurationIsVisible = 0;
			defaultConfigurationName = Release;
		};
/* End XCConfigurationList section */
	};
	rootObject = CB6573ED13332E8E007C8AFA /* Project object */;
}
