// !$*UTF8*$!
{
	archiveVersion = 1;
	classes = {
	};
	objectVersion = 46;
	objects = {

/* Begin PBXBuildFile section */
		CB4B275219259E79000057BB /* Foundation.framework in Frameworks */ = {isa = PBXBuildFile; fileRef = CB4B275119259E79000057BB /* Foundation.framework */; };
		CB4B275419259E79000057BB /* CoreGraphics.framework in Frameworks */ = {isa = PBXBuildFile; fileRef = CB4B275319259E79000057BB /* CoreGraphics.framework */; };
		CB4B275619259E79000057BB /* UIKit.framework in Frameworks */ = {isa = PBXBuildFile; fileRef = CB4B275519259E79000057BB /* UIKit.framework */; };
		CB4B275C19259E79000057BB /* InfoPlist.strings in Resources */ = {isa = PBXBuildFile; fileRef = CB4B275A19259E79000057BB /* InfoPlist.strings */; };
		CB4B275E19259E79000057BB /* main.m in Sources */ = {isa = PBXBuildFile; fileRef = CB4B275D19259E79000057BB /* main.m */; };
		CB4B276219259E79000057BB /* AppDelegate.m in Sources */ = {isa = PBXBuildFile; fileRef = CB4B276119259E79000057BB /* AppDelegate.m */; };
		CB4B276519259E79000057BB /* Main.storyboard in Resources */ = {isa = PBXBuildFile; fileRef = CB4B276319259E79000057BB /* Main.storyboard */; };
		CB4B276819259E79000057BB /* MasterViewController.m in Sources */ = {isa = PBXBuildFile; fileRef = CB4B276719259E79000057BB /* MasterViewController.m */; };
		CB4B276B19259E79000057BB /* DetailViewController.m in Sources */ = {isa = PBXBuildFile; fileRef = CB4B276A19259E79000057BB /* DetailViewController.m */; };
		CB4B276D19259E79000057BB /* Images.xcassets in Resources */ = {isa = PBXBuildFile; fileRef = CB4B276C19259E79000057BB /* Images.xcassets */; };
		CB4B277419259E7A000057BB /* XCTest.framework in Frameworks */ = {isa = PBXBuildFile; fileRef = CB4B277319259E7A000057BB /* XCTest.framework */; };
		CB4B277519259E7A000057BB /* Foundation.framework in Frameworks */ = {isa = PBXBuildFile; fileRef = CB4B275119259E79000057BB /* Foundation.framework */; };
		CB4B277619259E7A000057BB /* UIKit.framework in Frameworks */ = {isa = PBXBuildFile; fileRef = CB4B275519259E79000057BB /* UIKit.framework */; };
		CB4B277E19259E7A000057BB /* InfoPlist.strings in Resources */ = {isa = PBXBuildFile; fileRef = CB4B277C19259E7A000057BB /* InfoPlist.strings */; };
		CB4B278019259E7A000057BB /* HelloiCloudTests.m in Sources */ = {isa = PBXBuildFile; fileRef = CB4B277F19259E7A000057BB /* HelloiCloudTests.m */; };
		CB4B27DC1925D9A5000057BB /* Jobs.png in Resources */ = {isa = PBXBuildFile; fileRef = CB4B27DB1925D9A5000057BB /* Jobs.png */; };
/* End PBXBuildFile section */

/* Begin PBXContainerItemProxy section */
		CB4B277719259E7A000057BB /* PBXContainerItemProxy */ = {
			isa = PBXContainerItemProxy;
			containerPortal = CB4B274619259E79000057BB /* Project object */;
			proxyType = 1;
			remoteGlobalIDString = CB4B274D19259E79000057BB;
			remoteInfo = HelloiCloud;
		};
/* End PBXContainerItemProxy section */

/* Begin PBXFileReference section */
		CB4B274E19259E79000057BB /* HelloiCloud.app */ = {isa = PBXFileReference; explicitFileType = wrapper.application; includeInIndex = 0; path = HelloiCloud.app; sourceTree = BUILT_PRODUCTS_DIR; };
		CB4B275119259E79000057BB /* Foundation.framework */ = {isa = PBXFileReference; lastKnownFileType = wrapper.framework; name = Foundation.framework; path = System/Library/Frameworks/Foundation.framework; sourceTree = SDKROOT; };
		CB4B275319259E79000057BB /* CoreGraphics.framework */ = {isa = PBXFileReference; lastKnownFileType = wrapper.framework; name = CoreGraphics.framework; path = System/Library/Frameworks/CoreGraphics.framework; sourceTree = SDKROOT; };
		CB4B275519259E79000057BB /* UIKit.framework */ = {isa = PBXFileReference; lastKnownFileType = wrapper.framework; name = UIKit.framework; path = System/Library/Frameworks/UIKit.framework; sourceTree = SDKROOT; };
		CB4B275919259E79000057BB /* HelloiCloud-Info.plist */ = {isa = PBXFileReference; lastKnownFileType = text.plist.xml; path = "HelloiCloud-Info.plist"; sourceTree = "<group>"; };
		CB4B275B19259E79000057BB /* en */ = {isa = PBXFileReference; lastKnownFileType = text.plist.strings; name = en; path = en.lproj/InfoPlist.strings; sourceTree = "<group>"; };
		CB4B275D19259E79000057BB /* main.m */ = {isa = PBXFileReference; lastKnownFileType = sourcecode.c.objc; path = main.m; sourceTree = "<group>"; };
		CB4B275F19259E79000057BB /* HelloiCloud-Prefix.pch */ = {isa = PBXFileReference; lastKnownFileType = sourcecode.c.h; path = "HelloiCloud-Prefix.pch"; sourceTree = "<group>"; };
		CB4B276019259E79000057BB /* AppDelegate.h */ = {isa = PBXFileReference; lastKnownFileType = sourcecode.c.h; path = AppDelegate.h; sourceTree = "<group>"; };
		CB4B276119259E79000057BB /* AppDelegate.m */ = {isa = PBXFileReference; lastKnownFileType = sourcecode.c.objc; path = AppDelegate.m; sourceTree = "<group>"; };
		CB4B276419259E79000057BB /* Base */ = {isa = PBXFileReference; lastKnownFileType = file.storyboard; name = Base; path = Base.lproj/Main.storyboard; sourceTree = "<group>"; };
		CB4B276619259E79000057BB /* MasterViewController.h */ = {isa = PBXFileReference; lastKnownFileType = sourcecode.c.h; path = MasterViewController.h; sourceTree = "<group>"; };
		CB4B276719259E79000057BB /* MasterViewController.m */ = {isa = PBXFileReference; lastKnownFileType = sourcecode.c.objc; path = MasterViewController.m; sourceTree = "<group>"; };
		CB4B276919259E79000057BB /* DetailViewController.h */ = {isa = PBXFileReference; lastKnownFileType = sourcecode.c.h; path = DetailViewController.h; sourceTree = "<group>"; };
		CB4B276A19259E79000057BB /* DetailViewController.m */ = {isa = PBXFileReference; lastKnownFileType = sourcecode.c.objc; path = DetailViewController.m; sourceTree = "<group>"; };
		CB4B276C19259E79000057BB /* Images.xcassets */ = {isa = PBXFileReference; lastKnownFileType = folder.assetcatalog; path = Images.xcassets; sourceTree = "<group>"; };
		CB4B277219259E7A000057BB /* HelloiCloudTests.xctest */ = {isa = PBXFileReference; explicitFileType = wrapper.cfbundle; includeInIndex = 0; path = HelloiCloudTests.xctest; sourceTree = BUILT_PRODUCTS_DIR; };
		CB4B277319259E7A000057BB /* XCTest.framework */ = {isa = PBXFileReference; lastKnownFileType = wrapper.framework; name = XCTest.framework; path = Library/Frameworks/XCTest.framework; sourceTree = DEVELOPER_DIR; };
		CB4B277B19259E7A000057BB /* HelloiCloudTests-Info.plist */ = {isa = PBXFileReference; lastKnownFileType = text.plist.xml; path = "HelloiCloudTests-Info.plist"; sourceTree = "<group>"; };
		CB4B277D19259E7A000057BB /* en */ = {isa = PBXFileReference; lastKnownFileType = text.plist.strings; name = en; path = en.lproj/InfoPlist.strings; sourceTree = "<group>"; };
		CB4B277F19259E7A000057BB /* HelloiCloudTests.m */ = {isa = PBXFileReference; lastKnownFileType = sourcecode.c.objc; path = HelloiCloudTests.m; sourceTree = "<group>"; };
		CB4B27DA1925D8C1000057BB /* HelloiCloud.entitlements */ = {isa = PBXFileReference; lastKnownFileType = text.xml; path = HelloiCloud.entitlements; sourceTree = "<group>"; };
		CB4B27DB1925D9A5000057BB /* Jobs.png */ = {isa = PBXFileReference; lastKnownFileType = image.png; path = Jobs.png; sourceTree = "<group>"; };
/* End PBXFileReference section */

/* Begin PBXFrameworksBuildPhase section */
		CB4B274B19259E79000057BB /* Frameworks */ = {
			isa = PBXFrameworksBuildPhase;
			buildActionMask = 2147483647;
			files = (
				CB4B275419259E79000057BB /* CoreGraphics.framework in Frameworks */,
				CB4B275619259E79000057BB /* UIKit.framework in Frameworks */,
				CB4B275219259E79000057BB /* Foundation.framework in Frameworks */,
			);
			runOnlyForDeploymentPostprocessing = 0;
		};
		CB4B276F19259E7A000057BB /* Frameworks */ = {
			isa = PBXFrameworksBuildPhase;
			buildActionMask = 2147483647;
			files = (
				CB4B277419259E7A000057BB /* XCTest.framework in Frameworks */,
				CB4B277619259E7A000057BB /* UIKit.framework in Frameworks */,
				CB4B277519259E7A000057BB /* Foundation.framework in Frameworks */,
			);
			runOnlyForDeploymentPostprocessing = 0;
		};
/* End PBXFrameworksBuildPhase section */

/* Begin PBXGroup section */
		CB4B274519259E79000057BB = {
			isa = PBXGroup;
			children = (
				CB4B275719259E79000057BB /* HelloiCloud */,
				CB4B277919259E7A000057BB /* HelloiCloudTests */,
				CB4B275019259E79000057BB /* Frameworks */,
				CB4B274F19259E79000057BB /* Products */,
			);
			sourceTree = "<group>";
		};
		CB4B274F19259E79000057BB /* Products */ = {
			isa = PBXGroup;
			children = (
				CB4B274E19259E79000057BB /* HelloiCloud.app */,
				CB4B277219259E7A000057BB /* HelloiCloudTests.xctest */,
			);
			name = Products;
			sourceTree = "<group>";
		};
		CB4B275019259E79000057BB /* Frameworks */ = {
			isa = PBXGroup;
			children = (
				CB4B275119259E79000057BB /* Foundation.framework */,
				CB4B275319259E79000057BB /* CoreGraphics.framework */,
				CB4B275519259E79000057BB /* UIKit.framework */,
				CB4B277319259E7A000057BB /* XCTest.framework */,
			);
			name = Frameworks;
			sourceTree = "<group>";
		};
		CB4B275719259E79000057BB /* HelloiCloud */ = {
			isa = PBXGroup;
			children = (
				CB4B27DB1925D9A5000057BB /* Jobs.png */,
				CB4B27DA1925D8C1000057BB /* HelloiCloud.entitlements */,
				CB4B276019259E79000057BB /* AppDelegate.h */,
				CB4B276119259E79000057BB /* AppDelegate.m */,
				CB4B276319259E79000057BB /* Main.storyboard */,
				CB4B276619259E79000057BB /* MasterViewController.h */,
				CB4B276719259E79000057BB /* MasterViewController.m */,
				CB4B276919259E79000057BB /* DetailViewController.h */,
				CB4B276A19259E79000057BB /* DetailViewController.m */,
				CB4B276C19259E79000057BB /* Images.xcassets */,
				CB4B275819259E79000057BB /* Supporting Files */,
			);
			path = HelloiCloud;
			sourceTree = "<group>";
		};
		CB4B275819259E79000057BB /* Supporting Files */ = {
			isa = PBXGroup;
			children = (
				CB4B275919259E79000057BB /* HelloiCloud-Info.plist */,
				CB4B275A19259E79000057BB /* InfoPlist.strings */,
				CB4B275D19259E79000057BB /* main.m */,
				CB4B275F19259E79000057BB /* HelloiCloud-Prefix.pch */,
			);
			name = "Supporting Files";
			sourceTree = "<group>";
		};
		CB4B277919259E7A000057BB /* HelloiCloudTests */ = {
			isa = PBXGroup;
			children = (
				CB4B277F19259E7A000057BB /* HelloiCloudTests.m */,
				CB4B277A19259E7A000057BB /* Supporting Files */,
			);
			path = HelloiCloudTests;
			sourceTree = "<group>";
		};
		CB4B277A19259E7A000057BB /* Supporting Files */ = {
			isa = PBXGroup;
			children = (
				CB4B277B19259E7A000057BB /* HelloiCloudTests-Info.plist */,
				CB4B277C19259E7A000057BB /* InfoPlist.strings */,
			);
			name = "Supporting Files";
			sourceTree = "<group>";
		};
/* End PBXGroup section */

/* Begin PBXNativeTarget section */
		CB4B274D19259E79000057BB /* HelloiCloud */ = {
			isa = PBXNativeTarget;
			buildConfigurationList = CB4B278319259E7A000057BB /* Build configuration list for PBXNativeTarget "HelloiCloud" */;
			buildPhases = (
				CB4B274A19259E79000057BB /* Sources */,
				CB4B274B19259E79000057BB /* Frameworks */,
				CB4B274C19259E79000057BB /* Resources */,
			);
			buildRules = (
			);
			dependencies = (
			);
			name = HelloiCloud;
			productName = HelloiCloud;
			productReference = CB4B274E19259E79000057BB /* HelloiCloud.app */;
			productType = "com.apple.product-type.application";
		};
		CB4B277119259E7A000057BB /* HelloiCloudTests */ = {
			isa = PBXNativeTarget;
			buildConfigurationList = CB4B278619259E7A000057BB /* Build configuration list for PBXNativeTarget "HelloiCloudTests" */;
			buildPhases = (
				CB4B276E19259E7A000057BB /* Sources */,
				CB4B276F19259E7A000057BB /* Frameworks */,
				CB4B277019259E7A000057BB /* Resources */,
			);
			buildRules = (
			);
			dependencies = (
				CB4B277819259E7A000057BB /* PBXTargetDependency */,
			);
			name = HelloiCloudTests;
			productName = HelloiCloudTests;
			productReference = CB4B277219259E7A000057BB /* HelloiCloudTests.xctest */;
			productType = "com.apple.product-type.bundle.unit-test";
		};
/* End PBXNativeTarget section */

/* Begin PBXProject section */
		CB4B274619259E79000057BB /* Project object */ = {
			isa = PBXProject;
			attributes = {
				LastUpgradeCheck = 0510;
				ORGANIZATIONNAME = "Kent Liu";
				TargetAttributes = {
					CB4B274D19259E79000057BB = {
						DevelopmentTeam = EV6JQB3PQH;
						SystemCapabilities = {
							com.apple.iCloud = {
								enabled = 1;
							};
						};
					};
					CB4B277119259E7A000057BB = {
						TestTargetID = CB4B274D19259E79000057BB;
					};
				};
			};
			buildConfigurationList = CB4B274919259E79000057BB /* Build configuration list for PBXProject "HelloiCloud" */;
			compatibilityVersion = "Xcode 3.2";
			developmentRegion = English;
			hasScannedForEncodings = 0;
			knownRegions = (
				en,
				Base,
			);
			mainGroup = CB4B274519259E79000057BB;
			productRefGroup = CB4B274F19259E79000057BB /* Products */;
			projectDirPath = "";
			projectRoot = "";
			targets = (
				CB4B274D19259E79000057BB /* HelloiCloud */,
				CB4B277119259E7A000057BB /* HelloiCloudTests */,
			);
		};
/* End PBXProject section */

/* Begin PBXResourcesBuildPhase section */
		CB4B274C19259E79000057BB /* Resources */ = {
			isa = PBXResourcesBuildPhase;
			buildActionMask = 2147483647;
			files = (
				CB4B276D19259E79000057BB /* Images.xcassets in Resources */,
				CB4B27DC1925D9A5000057BB /* Jobs.png in Resources */,
				CB4B275C19259E79000057BB /* InfoPlist.strings in Resources */,
				CB4B276519259E79000057BB /* Main.storyboard in Resources */,
			);
			runOnlyForDeploymentPostprocessing = 0;
		};
		CB4B277019259E7A000057BB /* Resources */ = {
			isa = PBXResourcesBuildPhase;
			buildActionMask = 2147483647;
			files = (
				CB4B277E19259E7A000057BB /* InfoPlist.strings in Resources */,
			);
			runOnlyForDeploymentPostprocessing = 0;
		};
/* End PBXResourcesBuildPhase section */

/* Begin PBXSourcesBuildPhase section */
		CB4B274A19259E79000057BB /* Sources */ = {
			isa = PBXSourcesBuildPhase;
			buildActionMask = 2147483647;
			files = (
				CB4B276219259E79000057BB /* AppDelegate.m in Sources */,
				CB4B276819259E79000057BB /* MasterViewController.m in Sources */,
				CB4B275E19259E79000057BB /* main.m in Sources */,
				CB4B276B19259E79000057BB /* DetailViewController.m in Sources */,
			);
			runOnlyForDeploymentPostprocessing = 0;
		};
		CB4B276E19259E7A000057BB /* Sources */ = {
			isa = PBXSourcesBuildPhase;
			buildActionMask = 2147483647;
			files = (
				CB4B278019259E7A000057BB /* HelloiCloudTests.m in Sources */,
			);
			runOnlyForDeploymentPostprocessing = 0;
		};
/* End PBXSourcesBuildPhase section */

/* Begin PBXTargetDependency section */
		CB4B277819259E7A000057BB /* PBXTargetDependency */ = {
			isa = PBXTargetDependency;
			target = CB4B274D19259E79000057BB /* HelloiCloud */;
			targetProxy = CB4B277719259E7A000057BB /* PBXContainerItemProxy */;
		};
/* End PBXTargetDependency section */

/* Begin PBXVariantGroup section */
		CB4B275A19259E79000057BB /* InfoPlist.strings */ = {
			isa = PBXVariantGroup;
			children = (
				CB4B275B19259E79000057BB /* en */,
			);
			name = InfoPlist.strings;
			sourceTree = "<group>";
		};
		CB4B276319259E79000057BB /* Main.storyboard */ = {
			isa = PBXVariantGroup;
			children = (
				CB4B276419259E79000057BB /* Base */,
			);
			name = Main.storyboard;
			sourceTree = "<group>";
		};
		CB4B277C19259E7A000057BB /* InfoPlist.strings */ = {
			isa = PBXVariantGroup;
			children = (
				CB4B277D19259E7A000057BB /* en */,
			);
			name = InfoPlist.strings;
			sourceTree = "<group>";
		};
/* End PBXVariantGroup section */

/* Begin XCBuildConfiguration section */
		CB4B278119259E7A000057BB /* Debug */ = {
			isa = XCBuildConfiguration;
			buildSettings = {
				ALWAYS_SEARCH_USER_PATHS = NO;
				CLANG_CXX_LANGUAGE_STANDARD = "gnu++0x";
				CLANG_CXX_LIBRARY = "libc++";
				CLANG_ENABLE_MODULES = YES;
				CLANG_ENABLE_OBJC_ARC = YES;
				CLANG_WARN_BOOL_CONVERSION = YES;
				CLANG_WARN_CONSTANT_CONVERSION = YES;
				CLANG_WARN_DIRECT_OBJC_ISA_USAGE = YES_ERROR;
				CLANG_WARN_EMPTY_BODY = YES;
				CLANG_WARN_ENUM_CONVERSION = YES;
				CLANG_WARN_INT_CONVERSION = YES;
				CLANG_WARN_OBJC_ROOT_CLASS = YES_ERROR;
				CLANG_WARN__DUPLICATE_METHOD_MATCH = YES;
				"CODE_SIGN_IDENTITY[sdk=iphoneos*]" = "iPhone Developer";
				COPY_PHASE_STRIP = NO;
				GCC_C_LANGUAGE_STANDARD = gnu99;
				GCC_DYNAMIC_NO_PIC = NO;
				GCC_OPTIMIZATION_LEVEL = 0;
				GCC_PREPROCESSOR_DEFINITIONS = (
					"DEBUG=1",
					"$(inherited)",
				);
				GCC_SYMBOLS_PRIVATE_EXTERN = NO;
				GCC_WARN_64_TO_32_BIT_CONVERSION = YES;
				GCC_WARN_ABOUT_RETURN_TYPE = YES_ERROR;
				GCC_WARN_UNDECLARED_SELECTOR = YES;
				GCC_WARN_UNINITIALIZED_AUTOS = YES_AGGRESSIVE;
				GCC_WARN_UNUSED_FUNCTION = YES;
				GCC_WARN_UNUSED_VARIABLE = YES;
				IPHONEOS_DEPLOYMENT_TARGET = 7.1;
				ONLY_ACTIVE_ARCH = YES;
				SDKROOT = iphoneos;
			};
			name = Debug;
		};
		CB4B278219259E7A000057BB /* Release */ = {
			isa = XCBuildConfiguration;
			buildSettings = {
				ALWAYS_SEARCH_USER_PATHS = NO;
				CLANG_CXX_LANGUAGE_STANDARD = "gnu++0x";
				CLANG_CXX_LIBRARY = "libc++";
				CLANG_ENABLE_MODULES = YES;
				CLANG_ENABLE_OBJC_ARC = YES;
				CLANG_WARN_BOOL_CONVERSION = YES;
				CLANG_WARN_CONSTANT_CONVERSION = YES;
				CLANG_WARN_DIRECT_OBJC_ISA_USAGE = YES_ERROR;
				CLANG_WARN_EMPTY_BODY = YES;
				CLANG_WARN_ENUM_CONVERSION = YES;
				CLANG_WARN_INT_CONVERSION = YES;
				CLANG_WARN_OBJC_ROOT_CLASS = YES_ERROR;
				CLANG_WARN__DUPLICATE_METHOD_MATCH = YES;
				"CODE_SIGN_IDENTITY[sdk=iphoneos*]" = "iPhone Developer";
				COPY_PHASE_STRIP = YES;
				ENABLE_NS_ASSERTIONS = NO;
				GCC_C_LANGUAGE_STANDARD = gnu99;
				GCC_WARN_64_TO_32_BIT_CONVERSION = YES;
				GCC_WARN_ABOUT_RETURN_TYPE = YES_ERROR;
				GCC_WARN_UNDECLARED_SELECTOR = YES;
				GCC_WARN_UNINITIALIZED_AUTOS = YES_AGGRESSIVE;
				GCC_WARN_UNUSED_FUNCTION = YES;
				GCC_WARN_UNUSED_VARIABLE = YES;
				IPHONEOS_DEPLOYMENT_TARGET = 7.1;
				SDKROOT = iphoneos;
				VALIDATE_PRODUCT = YES;
			};
			name = Release;
		};
		CB4B278419259E7A000057BB /* Debug */ = {
			isa = XCBuildConfiguration;
			buildSettings = {
				ASSETCATALOG_COMPILER_APPICON_NAME = AppIcon;
				ASSETCATALOG_COMPILER_LAUNCHIMAGE_NAME = LaunchImage;
				CODE_SIGN_ENTITLEMENTS = HelloiCloud/HelloiCloud.entitlements;
				GCC_PRECOMPILE_PREFIX_HEADER = YES;
				GCC_PREFIX_HEADER = "HelloiCloud/HelloiCloud-Prefix.pch";
				INFOPLIST_FILE = "HelloiCloud/HelloiCloud-Info.plist";
				IPHONEOS_DEPLOYMENT_TARGET = 7.0;
				PRODUCT_NAME = "$(TARGET_NAME)";
				WRAPPER_EXTENSION = app;
			};
			name = Debug;
		};
		CB4B278519259E7A000057BB /* Release */ = {
			isa = XCBuildConfiguration;
			buildSettings = {
				ASSETCATALOG_COMPILER_APPICON_NAME = AppIcon;
				ASSETCATALOG_COMPILER_LAUNCHIMAGE_NAME = LaunchImage;
				CODE_SIGN_ENTITLEMENTS = HelloiCloud/HelloiCloud.entitlements;
				GCC_PRECOMPILE_PREFIX_HEADER = YES;
				GCC_PREFIX_HEADER = "HelloiCloud/HelloiCloud-Prefix.pch";
				INFOPLIST_FILE = "HelloiCloud/HelloiCloud-Info.plist";
				IPHONEOS_DEPLOYMENT_TARGET = 7.0;
				PRODUCT_NAME = "$(TARGET_NAME)";
				WRAPPER_EXTENSION = app;
			};
			name = Release;
		};
		CB4B278719259E7A000057BB /* Debug */ = {
			isa = XCBuildConfiguration;
			buildSettings = {
				BUNDLE_LOADER = "$(BUILT_PRODUCTS_DIR)/HelloiCloud.app/HelloiCloud";
				FRAMEWORK_SEARCH_PATHS = (
					"$(SDKROOT)/Developer/Library/Frameworks",
					"$(inherited)",
					"$(DEVELOPER_FRAMEWORKS_DIR)",
				);
				GCC_PRECOMPILE_PREFIX_HEADER = YES;
				GCC_PREFIX_HEADER = "HelloiCloud/HelloiCloud-Prefix.pch";
				GCC_PREPROCESSOR_DEFINITIONS = (
					"DEBUG=1",
					"$(inherited)",
				);
				INFOPLIST_FILE = "HelloiCloudTests/HelloiCloudTests-Info.plist";
				PRODUCT_NAME = "$(TARGET_NAME)";
				TEST_HOST = "$(BUNDLE_LOADER)";
				WRAPPER_EXTENSION = xctest;
			};
			name = Debug;
		};
		CB4B278819259E7A000057BB /* Release */ = {
			isa = XCBuildConfiguration;
			buildSettings = {
				BUNDLE_LOADER = "$(BUILT_PRODUCTS_DIR)/HelloiCloud.app/HelloiCloud";
				FRAMEWORK_SEARCH_PATHS = (
					"$(SDKROOT)/Developer/Library/Frameworks",
					"$(inherited)",
					"$(DEVELOPER_FRAMEWORKS_DIR)",
				);
				GCC_PRECOMPILE_PREFIX_HEADER = YES;
				GCC_PREFIX_HEADER = "HelloiCloud/HelloiCloud-Prefix.pch";
				INFOPLIST_FILE = "HelloiCloudTests/HelloiCloudTests-Info.plist";
				PRODUCT_NAME = "$(TARGET_NAME)";
				TEST_HOST = "$(BUNDLE_LOADER)";
				WRAPPER_EXTENSION = xctest;
			};
			name = Release;
		};
/* End XCBuildConfiguration section */

/* Begin XCConfigurationList section */
		CB4B274919259E79000057BB /* Build configuration list for PBXProject "HelloiCloud" */ = {
			isa = XCConfigurationList;
			buildConfigurations = (
				CB4B278119259E7A000057BB /* Debug */,
				CB4B278219259E7A000057BB /* Release */,
			);
			defaultConfigurationIsVisible = 0;
			defaultConfigurationName = Release;
		};
		CB4B278319259E7A000057BB /* Build configuration list for PBXNativeTarget "HelloiCloud" */ = {
			isa = XCConfigurationList;
			buildConfigurations = (
				CB4B278419259E7A000057BB /* Debug */,
				CB4B278519259E7A000057BB /* Release */,
			);
			defaultConfigurationIsVisible = 0;
		};
		CB4B278619259E7A000057BB /* Build configuration list for PBXNativeTarget "HelloiCloudTests" */ = {
			isa = XCConfigurationList;
			buildConfigurations = (
				CB4B278719259E7A000057BB /* Debug */,
				CB4B278819259E7A000057BB /* Release */,
			);
			defaultConfigurationIsVisible = 0;
		};
/* End XCConfigurationList section */
	};
	rootObject = CB4B274619259E79000057BB /* Project object */;
}
