// !$*UTF8*$!
{
	archiveVersion = 1;
	classes = {
	};
	objectVersion = 46;
	objects = {

/* Begin PBXBuildFile section */
		188E858319A31DD300EE3405 /* Foundation.framework in Frameworks */ = {isa = PBXBuildFile; fileRef = 188E858219A31DD300EE3405 /* Foundation.framework */; };
		188E858619A31DD300EE3405 /* main.m in Sources */ = {isa = PBXBuildFile; fileRef = 188E858519A31DD300EE3405 /* main.m */; };
		188E858A19A31DD300EE3405 /* Caculator.1 in CopyFiles */ = {isa = PBXBuildFile; fileRef = 188E858919A31DD300EE3405 /* Caculator.1 */; };
/* End PBXBuildFile section */

/* Begin PBXCopyFilesBuildPhase section */
		188E857D19A31DD300EE3405 /* CopyFiles */ = {
			isa = PBXCopyFilesBuildPhase;
			buildActionMask = 2147483647;
			dstPath = /usr/share/man/man1/;
			dstSubfolderSpec = 0;
			files = (
				188E858A19A31DD300EE3405 /* Caculator.1 in CopyFiles */,
			);
			runOnlyForDeploymentPostprocessing = 1;
		};
/* End PBXCopyFilesBuildPhase section */

/* Begin PBXFileReference section */
		188E857F19A31DD300EE3405 /* Caculator */ = {isa = PBXFileReference; explicitFileType = "compiled.mach-o.executable"; includeInIndex = 0; path = Caculator; sourceTree = BUILT_PRODUCTS_DIR; };
		188E858219A31DD300EE3405 /* Foundation.framework */ = {isa = PBXFileReference; lastKnownFileType = wrapper.framework; name = Foundation.framework; path = System/Library/Frameworks/Foundation.framework; sourceTree = SDKROOT; };
		188E858519A31DD300EE3405 /* main.m */ = {isa = PBXFileReference; lastKnownFileType = sourcecode.c.objc; path = main.m; sourceTree = "<group>"; };
		188E858819A31DD300EE3405 /* Caculator-Prefix.pch */ = {isa = PBXFileReference; lastKnownFileType = sourcecode.c.h; path = "Caculator-Prefix.pch"; sourceTree = "<group>"; };
		188E858919A31DD300EE3405 /* Caculator.1 */ = {isa = PBXFileReference; lastKnownFileType = text.man; path = Caculator.1; sourceTree = "<group>"; };
/* End PBXFileReference section */

/* Begin PBXFrameworksBuildPhase section */
		188E857C19A31DD300EE3405 /* Frameworks */ = {
			isa = PBXFrameworksBuildPhase;
			buildActionMask = 2147483647;
			files = (
				188E858319A31DD300EE3405 /* Foundation.framework in Frameworks */,
			);
			runOnlyForDeploymentPostprocessing = 0;
		};
/* End PBXFrameworksBuildPhase section */

/* Begin PBXGroup section */
		188E857619A31DD300EE3405 = {
			isa = PBXGroup;
			children = (
				188E858419A31DD300EE3405 /* Caculator */,
				188E858119A31DD300EE3405 /* Frameworks */,
				188E858019A31DD300EE3405 /* Products */,
			);
			sourceTree = "<group>";
		};
		188E858019A31DD300EE3405 /* Products */ = {
			isa = PBXGroup;
			children = (
				188E857F19A31DD300EE3405 /* Caculator */,
			);
			name = Products;
			sourceTree = "<group>";
		};
		188E858119A31DD300EE3405 /* Frameworks */ = {
			isa = PBXGroup;
			children = (
				188E858219A31DD300EE3405 /* Foundation.framework */,
			);
			name = Frameworks;
			sourceTree = "<group>";
		};
		188E858419A31DD300EE3405 /* Caculator */ = {
			isa = PBXGroup;
			children = (
				188E858519A31DD300EE3405 /* main.m */,
				188E858919A31DD300EE3405 /* Caculator.1 */,
				188E858719A31DD300EE3405 /* Supporting Files */,
			);
			path = Caculator;
			sourceTree = "<group>";
		};
		188E858719A31DD300EE3405 /* Supporting Files */ = {
			isa = PBXGroup;
			children = (
				188E858819A31DD300EE3405 /* Caculator-Prefix.pch */,
			);
			name = "Supporting Files";
			sourceTree = "<group>";
		};
/* End PBXGroup section */

/* Begin PBXNativeTarget section */
		188E857E19A31DD300EE3405 /* Caculator */ = {
			isa = PBXNativeTarget;
			buildConfigurationList = 188E858D19A31DD300EE3405 /* Build configuration list for PBXNativeTarget "Caculator" */;
			buildPhases = (
				188E857B19A31DD300EE3405 /* Sources */,
				188E857C19A31DD300EE3405 /* Frameworks */,
				188E857D19A31DD300EE3405 /* CopyFiles */,
			);
			buildRules = (
			);
			dependencies = (
			);
			name = Caculator;
			productName = Caculator;
			productReference = 188E857F19A31DD300EE3405 /* Caculator */;
			productType = "com.apple.product-type.tool";
		};
/* End PBXNativeTarget section */

/* Begin PBXProject section */
		188E857719A31DD300EE3405 /* Project object */ = {
			isa = PBXProject;
			attributes = {
				LastUpgradeCheck = 0510;
				ORGANIZATIONNAME = Max;
			};
			buildConfigurationList = 188E857A19A31DD300EE3405 /* Build configuration list for PBXProject "Caculator" */;
			compatibilityVersion = "Xcode 3.2";
			developmentRegion = English;
			hasScannedForEncodings = 0;
			knownRegions = (
				en,
			);
			mainGroup = 188E857619A31DD300EE3405;
			productRefGroup = 188E858019A31DD300EE3405 /* Products */;
			projectDirPath = "";
			projectRoot = "";
			targets = (
				188E857E19A31DD300EE3405 /* Caculator */,
			);
		};
/* End PBXProject section */

/* Begin PBXSourcesBuildPhase section */
		188E857B19A31DD300EE3405 /* Sources */ = {
			isa = PBXSourcesBuildPhase;
			buildActionMask = 2147483647;
			files = (
				188E858619A31DD300EE3405 /* main.m in Sources */,
			);
			runOnlyForDeploymentPostprocessing = 0;
		};
/* End PBXSourcesBuildPhase section */

/* Begin XCBuildConfiguration section */
		188E858B19A31DD300EE3405 /* Debug */ = {
			isa = XCBuildConfiguration;
			buildSettings = {
				ALWAYS_SEARCH_USER_PATHS = NO;
				CLANG_CXX_LANGUAGE_STANDARD = "gnu++0x";
				CLANG_CXX_LIBRARY = "libc++";
				CLANG_ENABLE_MODULES = YES;
				CLANG_ENABLE_OBJC_ARC = YES;
				CLANG_WARN_BOOL_CONVERSION = YES;
				CLANG_WARN_CONSTANT_CONVERSION = YES;
				CLANG_WARN_DIRECT_OBJC_ISA_USAGE = YES_ERROR;
				CLANG_WARN_EMPTY_BODY = YES;
				CLANG_WARN_ENUM_CONVERSION = YES;
				CLANG_WARN_INT_CONVERSION = YES;
				CLANG_WARN_OBJC_ROOT_CLASS = YES_ERROR;
				CLANG_WARN__DUPLICATE_METHOD_MATCH = YES;
				COPY_PHASE_STRIP = NO;
				GCC_C_LANGUAGE_STANDARD = gnu99;
				GCC_DYNAMIC_NO_PIC = NO;
				GCC_ENABLE_OBJC_EXCEPTIONS = YES;
				GCC_OPTIMIZATION_LEVEL = 0;
				GCC_PREPROCESSOR_DEFINITIONS = (
					"DEBUG=1",
					"$(inherited)",
				);
				GCC_SYMBOLS_PRIVATE_EXTERN = NO;
				GCC_WARN_64_TO_32_BIT_CONVERSION = YES;
				GCC_WARN_ABOUT_RETURN_TYPE = YES_ERROR;
				GCC_WARN_UNDECLARED_SELECTOR = YES;
				GCC_WARN_UNINITIALIZED_AUTOS = YES_AGGRESSIVE;
				GCC_WARN_UNUSED_FUNCTION = YES;
				GCC_WARN_UNUSED_VARIABLE = YES;
				MACOSX_DEPLOYMENT_TARGET = 10.9;
				ONLY_ACTIVE_ARCH = YES;
				SDKROOT = macosx;
			};
			name = Debug;
		};
		188E858C19A31DD300EE3405 /* Release */ = {
			isa = XCBuildConfiguration;
			buildSettings = {
				ALWAYS_SEARCH_USER_PATHS = NO;
				CLANG_CXX_LANGUAGE_STANDARD = "gnu++0x";
				CLANG_CXX_LIBRARY = "libc++";
				CLANG_ENABLE_MODULES = YES;
				CLANG_ENABLE_OBJC_ARC = YES;
				CLANG_WARN_BOOL_CONVERSION = YES;
				CLANG_WARN_CONSTANT_CONVERSION = YES;
				CLANG_WARN_DIRECT_OBJC_ISA_USAGE = YES_ERROR;
				CLANG_WARN_EMPTY_BODY = YES;
				CLANG_WARN_ENUM_CONVERSION = YES;
				CLANG_WARN_INT_CONVERSION = YES;
				CLANG_WARN_OBJC_ROOT_CLASS = YES_ERROR;
				CLANG_WARN__DUPLICATE_METHOD_MATCH = YES;
				COPY_PHASE_STRIP = YES;
				DEBUG_INFORMATION_FORMAT = "dwarf-with-dsym";
				ENABLE_NS_ASSERTIONS = NO;
				GCC_C_LANGUAGE_STANDARD = gnu99;
				GCC_ENABLE_OBJC_EXCEPTIONS = YES;
				GCC_WARN_64_TO_32_BIT_CONVERSION = YES;
				GCC_WARN_ABOUT_RETURN_TYPE = YES_ERROR;
				GCC_WARN_UNDECLARED_SELECTOR = YES;
				GCC_WARN_UNINITIALIZED_AUTOS = YES_AGGRESSIVE;
				GCC_WARN_UNUSED_FUNCTION = YES;
				GCC_WARN_UNUSED_VARIABLE = YES;
				MACOSX_DEPLOYMENT_TARGET = 10.9;
				SDKROOT = macosx;
			};
			name = Release;
		};
		188E858E19A31DD300EE3405 /* Debug */ = {
			isa = XCBuildConfiguration;
			buildSettings = {
				GCC_PRECOMPILE_PREFIX_HEADER = YES;
				GCC_PREFIX_HEADER = "Caculator/Caculator-Prefix.pch";
				PRODUCT_NAME = "$(TARGET_NAME)";
			};
			name = Debug;
		};
		188E858F19A31DD300EE3405 /* Release */ = {
			isa = XCBuildConfiguration;
			buildSettings = {
				GCC_PRECOMPILE_PREFIX_HEADER = YES;
				GCC_PREFIX_HEADER = "Caculator/Caculator-Prefix.pch";
				PRODUCT_NAME = "$(TARGET_NAME)";
			};
			name = Release;
		};
/* End XCBuildConfiguration section */

/* Begin XCConfigurationList section */
		188E857A19A31DD300EE3405 /* Build configuration list for PBXProject "Caculator" */ = {
			isa = XCConfigurationList;
			buildConfigurations = (
				188E858B19A31DD300EE3405 /* Debug */,
				188E858C19A31DD300EE3405 /* Release */,
			);
			defaultConfigurationIsVisible = 0;
			defaultConfigurationName = Release;
		};
		188E858D19A31DD300EE3405 /* Build configuration list for PBXNativeTarget "Caculator" */ = {
			isa = XCConfigurationList;
			buildConfigurations = (
				188E858E19A31DD300EE3405 /* Debug */,
				188E858F19A31DD300EE3405 /* Release */,
			);
			defaultConfigurationIsVisible = 0;
		};
/* End XCConfigurationList section */
	};
	rootObject = 188E857719A31DD300EE3405 /* Project object */;
}
