// !$*UTF8*$!
{
	archiveVersion = 1;
	classes = {
	};
	objectVersion = 46;
	objects = {

/* Begin PBXBuildFile section */
		1809BA1619C67BEE005D160E /* Foundation.framework in Frameworks */ = {isa = PBXBuildFile; fileRef = 1809BA1519C67BEE005D160E /* Foundation.framework */; };
		1809BA1819C67BEE005D160E /* CoreGraphics.framework in Frameworks */ = {isa = PBXBuildFile; fileRef = 1809BA1719C67BEE005D160E /* CoreGraphics.framework */; };
		1809BA1A19C67BEE005D160E /* UIKit.framework in Frameworks */ = {isa = PBXBuildFile; fileRef = 1809BA1919C67BEE005D160E /* UIKit.framework */; };
		1809BA2019C67BEE005D160E /* InfoPlist.strings in Resources */ = {isa = PBXBuildFile; fileRef = 1809BA1E19C67BEE005D160E /* InfoPlist.strings */; };
		1809BA2219C67BEE005D160E /* main.m in Sources */ = {isa = PBXBuildFile; fileRef = 1809BA2119C67BEE005D160E /* main.m */; };
		1809BA2619C67BEE005D160E /* AppDelegate.m in Sources */ = {isa = PBXBuildFile; fileRef = 1809BA2519C67BEE005D160E /* AppDelegate.m */; };
		1809BA2919C67BEE005D160E /* Main.storyboard in Resources */ = {isa = PBXBuildFile; fileRef = 1809BA2719C67BEE005D160E /* Main.storyboard */; };
		1809BA2C19C67BEE005D160E /* ViewController.m in Sources */ = {isa = PBXBuildFile; fileRef = 1809BA2B19C67BEE005D160E /* ViewController.m */; };
		1809BA2E19C67BEE005D160E /* Images.xcassets in Resources */ = {isa = PBXBuildFile; fileRef = 1809BA2D19C67BEE005D160E /* Images.xcassets */; };
		1809BA3519C67BEE005D160E /* XCTest.framework in Frameworks */ = {isa = PBXBuildFile; fileRef = 1809BA3419C67BEE005D160E /* XCTest.framework */; };
		1809BA3619C67BEE005D160E /* Foundation.framework in Frameworks */ = {isa = PBXBuildFile; fileRef = 1809BA1519C67BEE005D160E /* Foundation.framework */; };
		1809BA3719C67BEE005D160E /* UIKit.framework in Frameworks */ = {isa = PBXBuildFile; fileRef = 1809BA1919C67BEE005D160E /* UIKit.framework */; };
		1809BA3F19C67BEE005D160E /* InfoPlist.strings in Resources */ = {isa = PBXBuildFile; fileRef = 1809BA3D19C67BEE005D160E /* InfoPlist.strings */; };
		1809BA4119C67BEE005D160E /* UIProgressViewTests.m in Sources */ = {isa = PBXBuildFile; fileRef = 1809BA4019C67BEE005D160E /* UIProgressViewTests.m */; };
/* End PBXBuildFile section */

/* Begin PBXContainerItemProxy section */
		1809BA3819C67BEE005D160E /* PBXContainerItemProxy */ = {
			isa = PBXContainerItemProxy;
			containerPortal = 1809BA0A19C67BEE005D160E /* Project object */;
			proxyType = 1;
			remoteGlobalIDString = 1809BA1119C67BEE005D160E;
			remoteInfo = UIProgressView;
		};
/* End PBXContainerItemProxy section */

/* Begin PBXFileReference section */
		1809BA1219C67BEE005D160E /* UIProgressView.app */ = {isa = PBXFileReference; explicitFileType = wrapper.application; includeInIndex = 0; path = UIProgressView.app; sourceTree = BUILT_PRODUCTS_DIR; };
		1809BA1519C67BEE005D160E /* Foundation.framework */ = {isa = PBXFileReference; lastKnownFileType = wrapper.framework; name = Foundation.framework; path = System/Library/Frameworks/Foundation.framework; sourceTree = SDKROOT; };
		1809BA1719C67BEE005D160E /* CoreGraphics.framework */ = {isa = PBXFileReference; lastKnownFileType = wrapper.framework; name = CoreGraphics.framework; path = System/Library/Frameworks/CoreGraphics.framework; sourceTree = SDKROOT; };
		1809BA1919C67BEE005D160E /* UIKit.framework */ = {isa = PBXFileReference; lastKnownFileType = wrapper.framework; name = UIKit.framework; path = System/Library/Frameworks/UIKit.framework; sourceTree = SDKROOT; };
		1809BA1D19C67BEE005D160E /* UIProgressView-Info.plist */ = {isa = PBXFileReference; lastKnownFileType = text.plist.xml; path = "UIProgressView-Info.plist"; sourceTree = "<group>"; };
		1809BA1F19C67BEE005D160E /* en */ = {isa = PBXFileReference; lastKnownFileType = text.plist.strings; name = en; path = en.lproj/InfoPlist.strings; sourceTree = "<group>"; };
		1809BA2119C67BEE005D160E /* main.m */ = {isa = PBXFileReference; lastKnownFileType = sourcecode.c.objc; path = main.m; sourceTree = "<group>"; };
		1809BA2319C67BEE005D160E /* UIProgressView-Prefix.pch */ = {isa = PBXFileReference; lastKnownFileType = sourcecode.c.h; path = "UIProgressView-Prefix.pch"; sourceTree = "<group>"; };
		1809BA2419C67BEE005D160E /* AppDelegate.h */ = {isa = PBXFileReference; lastKnownFileType = sourcecode.c.h; path = AppDelegate.h; sourceTree = "<group>"; };
		1809BA2519C67BEE005D160E /* AppDelegate.m */ = {isa = PBXFileReference; lastKnownFileType = sourcecode.c.objc; path = AppDelegate.m; sourceTree = "<group>"; };
		1809BA2819C67BEE005D160E /* Base */ = {isa = PBXFileReference; lastKnownFileType = file.storyboard; name = Base; path = Base.lproj/Main.storyboard; sourceTree = "<group>"; };
		1809BA2A19C67BEE005D160E /* ViewController.h */ = {isa = PBXFileReference; lastKnownFileType = sourcecode.c.h; path = ViewController.h; sourceTree = "<group>"; };
		1809BA2B19C67BEE005D160E /* ViewController.m */ = {isa = PBXFileReference; lastKnownFileType = sourcecode.c.objc; path = ViewController.m; sourceTree = "<group>"; };
		1809BA2D19C67BEE005D160E /* Images.xcassets */ = {isa = PBXFileReference; lastKnownFileType = folder.assetcatalog; path = Images.xcassets; sourceTree = "<group>"; };
		1809BA3319C67BEE005D160E /* UIProgressViewTests.xctest */ = {isa = PBXFileReference; explicitFileType = wrapper.cfbundle; includeInIndex = 0; path = UIProgressViewTests.xctest; sourceTree = BUILT_PRODUCTS_DIR; };
		1809BA3419C67BEE005D160E /* XCTest.framework */ = {isa = PBXFileReference; lastKnownFileType = wrapper.framework; name = XCTest.framework; path = Library/Frameworks/XCTest.framework; sourceTree = DEVELOPER_DIR; };
		1809BA3C19C67BEE005D160E /* UIProgressViewTests-Info.plist */ = {isa = PBXFileReference; lastKnownFileType = text.plist.xml; path = "UIProgressViewTests-Info.plist"; sourceTree = "<group>"; };
		1809BA3E19C67BEE005D160E /* en */ = {isa = PBXFileReference; lastKnownFileType = text.plist.strings; name = en; path = en.lproj/InfoPlist.strings; sourceTree = "<group>"; };
		1809BA4019C67BEE005D160E /* UIProgressViewTests.m */ = {isa = PBXFileReference; lastKnownFileType = sourcecode.c.objc; path = UIProgressViewTests.m; sourceTree = "<group>"; };
/* End PBXFileReference section */

/* Begin PBXFrameworksBuildPhase section */
		1809BA0F19C67BEE005D160E /* Frameworks */ = {
			isa = PBXFrameworksBuildPhase;
			buildActionMask = 2147483647;
			files = (
				1809BA1819C67BEE005D160E /* CoreGraphics.framework in Frameworks */,
				1809BA1A19C67BEE005D160E /* UIKit.framework in Frameworks */,
				1809BA1619C67BEE005D160E /* Foundation.framework in Frameworks */,
			);
			runOnlyForDeploymentPostprocessing = 0;
		};
		1809BA3019C67BEE005D160E /* Frameworks */ = {
			isa = PBXFrameworksBuildPhase;
			buildActionMask = 2147483647;
			files = (
				1809BA3519C67BEE005D160E /* XCTest.framework in Frameworks */,
				1809BA3719C67BEE005D160E /* UIKit.framework in Frameworks */,
				1809BA3619C67BEE005D160E /* Foundation.framework in Frameworks */,
			);
			runOnlyForDeploymentPostprocessing = 0;
		};
/* End PBXFrameworksBuildPhase section */

/* Begin PBXGroup section */
		1809BA0919C67BEE005D160E = {
			isa = PBXGroup;
			children = (
				1809BA1B19C67BEE005D160E /* UIProgressView */,
				1809BA3A19C67BEE005D160E /* UIProgressViewTests */,
				1809BA1419C67BEE005D160E /* Frameworks */,
				1809BA1319C67BEE005D160E /* Products */,
			);
			sourceTree = "<group>";
		};
		1809BA1319C67BEE005D160E /* Products */ = {
			isa = PBXGroup;
			children = (
				1809BA1219C67BEE005D160E /* UIProgressView.app */,
				1809BA3319C67BEE005D160E /* UIProgressViewTests.xctest */,
			);
			name = Products;
			sourceTree = "<group>";
		};
		1809BA1419C67BEE005D160E /* Frameworks */ = {
			isa = PBXGroup;
			children = (
				1809BA1519C67BEE005D160E /* Foundation.framework */,
				1809BA1719C67BEE005D160E /* CoreGraphics.framework */,
				1809BA1919C67BEE005D160E /* UIKit.framework */,
				1809BA3419C67BEE005D160E /* XCTest.framework */,
			);
			name = Frameworks;
			sourceTree = "<group>";
		};
		1809BA1B19C67BEE005D160E /* UIProgressView */ = {
			isa = PBXGroup;
			children = (
				1809BA2419C67BEE005D160E /* AppDelegate.h */,
				1809BA2519C67BEE005D160E /* AppDelegate.m */,
				1809BA2719C67BEE005D160E /* Main.storyboard */,
				1809BA2A19C67BEE005D160E /* ViewController.h */,
				1809BA2B19C67BEE005D160E /* ViewController.m */,
				1809BA2D19C67BEE005D160E /* Images.xcassets */,
				1809BA1C19C67BEE005D160E /* Supporting Files */,
			);
			path = UIProgressView;
			sourceTree = "<group>";
		};
		1809BA1C19C67BEE005D160E /* Supporting Files */ = {
			isa = PBXGroup;
			children = (
				1809BA1D19C67BEE005D160E /* UIProgressView-Info.plist */,
				1809BA1E19C67BEE005D160E /* InfoPlist.strings */,
				1809BA2119C67BEE005D160E /* main.m */,
				1809BA2319C67BEE005D160E /* UIProgressView-Prefix.pch */,
			);
			name = "Supporting Files";
			sourceTree = "<group>";
		};
		1809BA3A19C67BEE005D160E /* UIProgressViewTests */ = {
			isa = PBXGroup;
			children = (
				1809BA4019C67BEE005D160E /* UIProgressViewTests.m */,
				1809BA3B19C67BEE005D160E /* Supporting Files */,
			);
			path = UIProgressViewTests;
			sourceTree = "<group>";
		};
		1809BA3B19C67BEE005D160E /* Supporting Files */ = {
			isa = PBXGroup;
			children = (
				1809BA3C19C67BEE005D160E /* UIProgressViewTests-Info.plist */,
				1809BA3D19C67BEE005D160E /* InfoPlist.strings */,
			);
			name = "Supporting Files";
			sourceTree = "<group>";
		};
/* End PBXGroup section */

/* Begin PBXNativeTarget section */
		1809BA1119C67BEE005D160E /* UIProgressView */ = {
			isa = PBXNativeTarget;
			buildConfigurationList = 1809BA4419C67BEE005D160E /* Build configuration list for PBXNativeTarget "UIProgressView" */;
			buildPhases = (
				1809BA0E19C67BEE005D160E /* Sources */,
				1809BA0F19C67BEE005D160E /* Frameworks */,
				1809BA1019C67BEE005D160E /* Resources */,
			);
			buildRules = (
			);
			dependencies = (
			);
			name = UIProgressView;
			productName = UIProgressView;
			productReference = 1809BA1219C67BEE005D160E /* UIProgressView.app */;
			productType = "com.apple.product-type.application";
		};
		1809BA3219C67BEE005D160E /* UIProgressViewTests */ = {
			isa = PBXNativeTarget;
			buildConfigurationList = 1809BA4719C67BEE005D160E /* Build configuration list for PBXNativeTarget "UIProgressViewTests" */;
			buildPhases = (
				1809BA2F19C67BEE005D160E /* Sources */,
				1809BA3019C67BEE005D160E /* Frameworks */,
				1809BA3119C67BEE005D160E /* Resources */,
			);
			buildRules = (
			);
			dependencies = (
				1809BA3919C67BEE005D160E /* PBXTargetDependency */,
			);
			name = UIProgressViewTests;
			productName = UIProgressViewTests;
			productReference = 1809BA3319C67BEE005D160E /* UIProgressViewTests.xctest */;
			productType = "com.apple.product-type.bundle.unit-test";
		};
/* End PBXNativeTarget section */

/* Begin PBXProject section */
		1809BA0A19C67BEE005D160E /* Project object */ = {
			isa = PBXProject;
			attributes = {
				LastUpgradeCheck = 0510;
				ORGANIZATIONNAME = Max;
				TargetAttributes = {
					1809BA3219C67BEE005D160E = {
						TestTargetID = 1809BA1119C67BEE005D160E;
					};
				};
			};
			buildConfigurationList = 1809BA0D19C67BEE005D160E /* Build configuration list for PBXProject "UIProgressView" */;
			compatibilityVersion = "Xcode 3.2";
			developmentRegion = English;
			hasScannedForEncodings = 0;
			knownRegions = (
				en,
				Base,
			);
			mainGroup = 1809BA0919C67BEE005D160E;
			productRefGroup = 1809BA1319C67BEE005D160E /* Products */;
			projectDirPath = "";
			projectRoot = "";
			targets = (
				1809BA1119C67BEE005D160E /* UIProgressView */,
				1809BA3219C67BEE005D160E /* UIProgressViewTests */,
			);
		};
/* End PBXProject section */

/* Begin PBXResourcesBuildPhase section */
		1809BA1019C67BEE005D160E /* Resources */ = {
			isa = PBXResourcesBuildPhase;
			buildActionMask = 2147483647;
			files = (
				1809BA2E19C67BEE005D160E /* Images.xcassets in Resources */,
				1809BA2019C67BEE005D160E /* InfoPlist.strings in Resources */,
				1809BA2919C67BEE005D160E /* Main.storyboard in Resources */,
			);
			runOnlyForDeploymentPostprocessing = 0;
		};
		1809BA3119C67BEE005D160E /* Resources */ = {
			isa = PBXResourcesBuildPhase;
			buildActionMask = 2147483647;
			files = (
				1809BA3F19C67BEE005D160E /* InfoPlist.strings in Resources */,
			);
			runOnlyForDeploymentPostprocessing = 0;
		};
/* End PBXResourcesBuildPhase section */

/* Begin PBXSourcesBuildPhase section */
		1809BA0E19C67BEE005D160E /* Sources */ = {
			isa = PBXSourcesBuildPhase;
			buildActionMask = 2147483647;
			files = (
				1809BA2C19C67BEE005D160E /* ViewController.m in Sources */,
				1809BA2619C67BEE005D160E /* AppDelegate.m in Sources */,
				1809BA2219C67BEE005D160E /* main.m in Sources */,
			);
			runOnlyForDeploymentPostprocessing = 0;
		};
		1809BA2F19C67BEE005D160E /* Sources */ = {
			isa = PBXSourcesBuildPhase;
			buildActionMask = 2147483647;
			files = (
				1809BA4119C67BEE005D160E /* UIProgressViewTests.m in Sources */,
			);
			runOnlyForDeploymentPostprocessing = 0;
		};
/* End PBXSourcesBuildPhase section */

/* Begin PBXTargetDependency section */
		1809BA3919C67BEE005D160E /* PBXTargetDependency */ = {
			isa = PBXTargetDependency;
			target = 1809BA1119C67BEE005D160E /* UIProgressView */;
			targetProxy = 1809BA3819C67BEE005D160E /* PBXContainerItemProxy */;
		};
/* End PBXTargetDependency section */

/* Begin PBXVariantGroup section */
		1809BA1E19C67BEE005D160E /* InfoPlist.strings */ = {
			isa = PBXVariantGroup;
			children = (
				1809BA1F19C67BEE005D160E /* en */,
			);
			name = InfoPlist.strings;
			sourceTree = "<group>";
		};
		1809BA2719C67BEE005D160E /* Main.storyboard */ = {
			isa = PBXVariantGroup;
			children = (
				1809BA2819C67BEE005D160E /* Base */,
			);
			name = Main.storyboard;
			sourceTree = "<group>";
		};
		1809BA3D19C67BEE005D160E /* InfoPlist.strings */ = {
			isa = PBXVariantGroup;
			children = (
				1809BA3E19C67BEE005D160E /* en */,
			);
			name = InfoPlist.strings;
			sourceTree = "<group>";
		};
/* End PBXVariantGroup section */

/* Begin XCBuildConfiguration section */
		1809BA4219C67BEE005D160E /* Debug */ = {
			isa = XCBuildConfiguration;
			buildSettings = {
				ALWAYS_SEARCH_USER_PATHS = NO;
				CLANG_CXX_LANGUAGE_STANDARD = "gnu++0x";
				CLANG_CXX_LIBRARY = "libc++";
				CLANG_ENABLE_MODULES = YES;
				CLANG_ENABLE_OBJC_ARC = YES;
				CLANG_WARN_BOOL_CONVERSION = YES;
				CLANG_WARN_CONSTANT_CONVERSION = YES;
				CLANG_WARN_DIRECT_OBJC_ISA_USAGE = YES_ERROR;
				CLANG_WARN_EMPTY_BODY = YES;
				CLANG_WARN_ENUM_CONVERSION = YES;
				CLANG_WARN_INT_CONVERSION = YES;
				CLANG_WARN_OBJC_ROOT_CLASS = YES_ERROR;
				CLANG_WARN__DUPLICATE_METHOD_MATCH = YES;
				"CODE_SIGN_IDENTITY[sdk=iphoneos*]" = "iPhone Developer";
				COPY_PHASE_STRIP = NO;
				GCC_C_LANGUAGE_STANDARD = gnu99;
				GCC_DYNAMIC_NO_PIC = NO;
				GCC_OPTIMIZATION_LEVEL = 0;
				GCC_PREPROCESSOR_DEFINITIONS = (
					"DEBUG=1",
					"$(inherited)",
				);
				GCC_SYMBOLS_PRIVATE_EXTERN = NO;
				GCC_WARN_64_TO_32_BIT_CONVERSION = YES;
				GCC_WARN_ABOUT_RETURN_TYPE = YES_ERROR;
				GCC_WARN_UNDECLARED_SELECTOR = YES;
				GCC_WARN_UNINITIALIZED_AUTOS = YES_AGGRESSIVE;
				GCC_WARN_UNUSED_FUNCTION = YES;
				GCC_WARN_UNUSED_VARIABLE = YES;
				IPHONEOS_DEPLOYMENT_TARGET = 7.1;
				ONLY_ACTIVE_ARCH = YES;
				SDKROOT = iphoneos;
			};
			name = Debug;
		};
		1809BA4319C67BEE005D160E /* Release */ = {
			isa = XCBuildConfiguration;
			buildSettings = {
				ALWAYS_SEARCH_USER_PATHS = NO;
				CLANG_CXX_LANGUAGE_STANDARD = "gnu++0x";
				CLANG_CXX_LIBRARY = "libc++";
				CLANG_ENABLE_MODULES = YES;
				CLANG_ENABLE_OBJC_ARC = YES;
				CLANG_WARN_BOOL_CONVERSION = YES;
				CLANG_WARN_CONSTANT_CONVERSION = YES;
				CLANG_WARN_DIRECT_OBJC_ISA_USAGE = YES_ERROR;
				CLANG_WARN_EMPTY_BODY = YES;
				CLANG_WARN_ENUM_CONVERSION = YES;
				CLANG_WARN_INT_CONVERSION = YES;
				CLANG_WARN_OBJC_ROOT_CLASS = YES_ERROR;
				CLANG_WARN__DUPLICATE_METHOD_MATCH = YES;
				"CODE_SIGN_IDENTITY[sdk=iphoneos*]" = "iPhone Developer";
				COPY_PHASE_STRIP = YES;
				ENABLE_NS_ASSERTIONS = NO;
				GCC_C_LANGUAGE_STANDARD = gnu99;
				GCC_WARN_64_TO_32_BIT_CONVERSION = YES;
				GCC_WARN_ABOUT_RETURN_TYPE = YES_ERROR;
				GCC_WARN_UNDECLARED_SELECTOR = YES;
				GCC_WARN_UNINITIALIZED_AUTOS = YES_AGGRESSIVE;
				GCC_WARN_UNUSED_FUNCTION = YES;
				GCC_WARN_UNUSED_VARIABLE = YES;
				IPHONEOS_DEPLOYMENT_TARGET = 7.1;
				SDKROOT = iphoneos;
				VALIDATE_PRODUCT = YES;
			};
			name = Release;
		};
		1809BA4519C67BEE005D160E /* Debug */ = {
			isa = XCBuildConfiguration;
			buildSettings = {
				ASSETCATALOG_COMPILER_APPICON_NAME = AppIcon;
				ASSETCATALOG_COMPILER_LAUNCHIMAGE_NAME = LaunchImage;
				GCC_PRECOMPILE_PREFIX_HEADER = YES;
				GCC_PREFIX_HEADER = "UIProgressView/UIProgressView-Prefix.pch";
				INFOPLIST_FILE = "UIProgressView/UIProgressView-Info.plist";
				PRODUCT_NAME = "$(TARGET_NAME)";
				WRAPPER_EXTENSION = app;
			};
			name = Debug;
		};
		1809BA4619C67BEE005D160E /* Release */ = {
			isa = XCBuildConfiguration;
			buildSettings = {
				ASSETCATALOG_COMPILER_APPICON_NAME = AppIcon;
				ASSETCATALOG_COMPILER_LAUNCHIMAGE_NAME = LaunchImage;
				GCC_PRECOMPILE_PREFIX_HEADER = YES;
				GCC_PREFIX_HEADER = "UIProgressView/UIProgressView-Prefix.pch";
				INFOPLIST_FILE = "UIProgressView/UIProgressView-Info.plist";
				PRODUCT_NAME = "$(TARGET_NAME)";
				WRAPPER_EXTENSION = app;
			};
			name = Release;
		};
		1809BA4819C67BEE005D160E /* Debug */ = {
			isa = XCBuildConfiguration;
			buildSettings = {
				BUNDLE_LOADER = "$(BUILT_PRODUCTS_DIR)/UIProgressView.app/UIProgressView";
				FRAMEWORK_SEARCH_PATHS = (
					"$(SDKROOT)/Developer/Library/Frameworks",
					"$(inherited)",
					"$(DEVELOPER_FRAMEWORKS_DIR)",
				);
				GCC_PRECOMPILE_PREFIX_HEADER = YES;
				GCC_PREFIX_HEADER = "UIProgressView/UIProgressView-Prefix.pch";
				GCC_PREPROCESSOR_DEFINITIONS = (
					"DEBUG=1",
					"$(inherited)",
				);
				INFOPLIST_FILE = "UIProgressViewTests/UIProgressViewTests-Info.plist";
				PRODUCT_NAME = "$(TARGET_NAME)";
				TEST_HOST = "$(BUNDLE_LOADER)";
				WRAPPER_EXTENSION = xctest;
			};
			name = Debug;
		};
		1809BA4919C67BEE005D160E /* Release */ = {
			isa = XCBuildConfiguration;
			buildSettings = {
				BUNDLE_LOADER = "$(BUILT_PRODUCTS_DIR)/UIProgressView.app/UIProgressView";
				FRAMEWORK_SEARCH_PATHS = (
					"$(SDKROOT)/Developer/Library/Frameworks",
					"$(inherited)",
					"$(DEVELOPER_FRAMEWORKS_DIR)",
				);
				GCC_PRECOMPILE_PREFIX_HEADER = YES;
				GCC_PREFIX_HEADER = "UIProgressView/UIProgressView-Prefix.pch";
				INFOPLIST_FILE = "UIProgressViewTests/UIProgressViewTests-Info.plist";
				PRODUCT_NAME = "$(TARGET_NAME)";
				TEST_HOST = "$(BUNDLE_LOADER)";
				WRAPPER_EXTENSION = xctest;
			};
			name = Release;
		};
/* End XCBuildConfiguration section */

/* Begin XCConfigurationList section */
		1809BA0D19C67BEE005D160E /* Build configuration list for PBXProject "UIProgressView" */ = {
			isa = XCConfigurationList;
			buildConfigurations = (
				1809BA4219C67BEE005D160E /* Debug */,
				1809BA4319C67BEE005D160E /* Release */,
			);
			defaultConfigurationIsVisible = 0;
			defaultConfigurationName = Release;
		};
		1809BA4419C67BEE005D160E /* Build configuration list for PBXNativeTarget "UIProgressView" */ = {
			isa = XCConfigurationList;
			buildConfigurations = (
				1809BA4519C67BEE005D160E /* Debug */,
				1809BA4619C67BEE005D160E /* Release */,
			);
			defaultConfigurationIsVisible = 0;
		};
		1809BA4719C67BEE005D160E /* Build configuration list for PBXNativeTarget "UIProgressViewTests" */ = {
			isa = XCConfigurationList;
			buildConfigurations = (
				1809BA4819C67BEE005D160E /* Debug */,
				1809BA4919C67BEE005D160E /* Release */,
			);
			defaultConfigurationIsVisible = 0;
		};
/* End XCConfigurationList section */
	};
	rootObject = 1809BA0A19C67BEE005D160E /* Project object */;
}
